{
    "_meta": {
        "hash": {
            "sha256": "d7fc15fffefdb3506f8231c3e41c08e53b20355605681145460c2c80a93b1be0"
        },
        "pipfile-spec": 6,
        "requires": {
            "python_version": "3.10"
        },
        "sources": [
            {
                "name": "pypi",
                "url": "https://pypi.org/simple",
                "verify_ssl": true
            }
        ]
    },
    "default": {
        "networkx": {
            "hashes": [
                "sha256:0c127d8b2f4865f59ae9cb8aafcd60b5c70f3241ebd66f7defad7c4ab90126c9",
                "sha256:28575580c6ebdaf4505b22c6256a2b9de86b316dc63ba9e93abde3d78dfdbcf2"
            ],
            "index": "pypi",
            "markers": "python_version >= '3.10'",
            "version": "==3.3"
        }
    },
    "develop": {}
}
